{
    "_readme": [
        "This file locks the dependencies of your project to a known state",
        "Read more about it at https://getcomposer.org/doc/01-basic-usage.md#composer-lock-the-lock-file",
        "This file is @generated automatically"
    ],
    "hash": "6910927df14d9ad1ae8db18e439ff43b",
    "content-hash": "9f17b8ba78b8b53845310e8daa48595e",
    "packages": [
        {
            "name": "joshcam/mysqli-database-class",
            "version": "v2.7",
            "source": {
                "type": "git",
                "url": "https://github.com/joshcam/PHP-MySQLi-Database-Class.git",
                "reference": "0595c669e6883adaad1b3285b166fd9f58fd6acd"
            },
            "dist": {
                "type": "zip",
                "url": "https://api.github.com/repos/joshcam/PHP-MySQLi-Database-Class/zipball/0595c669e6883adaad1b3285b166fd9f58fd6acd",
                "reference": "0595c669e6883adaad1b3285b166fd9f58fd6acd",
                "shasum": ""
            },
            "require": {
                "php": ">=5.3.0"
            },
            "type": "library",
            "autoload": {
                "files": [
                    "MysqliDb.php",
                    "dbObject.php"
                ]
            },
            "notification-url": "https://packagist.org/downloads/",
            "license": [
                "GPL-3.0"
            ],
            "authors": [
                {
                    "name": "Josh Campbell",
                    "email": "josh.lee.campbell@gmail.com",
                    "homepage": "https://github.com/joshcam",
                    "role": "Developer"
                },
                {
                    "name": "Alexander V. Butenko",
                    "email": "a.butenka@gmail.com",
                    "homepage": "http://smarttechdo.com",
                    "role": "Developer"
                }
            ],
            "description": "PHP MySQL Wrapper and object mapper which utilizes MySQLi and prepared statements",
            "time": "2016-11-18 16:16:21"
        },
        {
            "name": "plumephp/async",
            "version": "dev-master",
            "source": {
                "type": "git",
                "url": "https://github.com/plumephp/async.git",
                "reference": "0e1eeeb8f460138e7c3637fb88415fc51e30789a"
            },
            "dist": {
                "type": "zip",
                "url": "https://files.phpcomposer.com/files/plumephp/async/0e1eeeb8f460138e7c3637fb88415fc51e30789a.zip",
                "reference": "0e1eeeb8f460138e7c3637fb88415fc51e30789a",
                "shasum": ""
            },
            "require": {
                "plumephp/plume": "dev-master"
            },
            "require-dev": {
                "phpunit/phpunit": "5.5.7"
            },
            "type": "library",
            "autoload": {
                "psr-4": {
                    "Plume\\Async\\": "src/"
                }
            },
            "notification-url": "https://packagist.org/downloads/",
            "license": [
                "BSD-2-Clause"
            ],
            "description": "A async lib for PlumePHP.",
            "time": "2017-03-23 03:39:09"
        },
        {
            "name": "plumephp/plume",
            "version": "dev-master",
            "source": {
                "type": "git",
                "url": "https://github.com/plumephp/plume.git",
                "reference": "b652987241dd54e99318de348bde45cb9d1ca10d"
            },
            "dist": {
                "type": "zip",
                "url": "https://files.phpcomposer.com/files/plumephp/plume/b652987241dd54e99318de348bde45cb9d1ca10d.zip",
                "reference": "b652987241dd54e99318de348bde45cb9d1ca10d",
                "shasum": ""
            },
            "require": {
                "joshcam/mysqli-database-class": "^2.7"
            },
            "require-dev": {
                "phpunit/phpunit": "5.5.7"
            },
            "type": "library",
            "autoload": {
                "psr-4": {
                    "Plume\\": "src/Plume"
                }
            },
            "notification-url": "https://packagist.org/downloads/",
            "license": [
                "BSD-2-Clause"
            ],
            "description": "A micro framework for PHP.",
            "time": "2017-03-22 17:35:30"
        }
    ],
    "packages-dev": [],
    "aliases": [],
    "minimum-stability": "dev",
    "stability-flags": {
        "plumephp/async": 20
    },
    "prefer-stable": false,
    "prefer-lowest": false,
    "platform": [],
    "platform-dev": []
}
